
Microsoft Visual Studio Solution File, Format Version 12.00
# Visual Studio Version 17
VisualStudioVersion = 17.9.34607.119
MinimumVisualStudioVersion = 10.0.40219.1
Project("{9A19103F-16F7-4668-BE54-9A1E7A4F7556}") = "InteractiveDashboard.Domain", "InteractiveDashboard.Domain\InteractiveDashboard.Domain.csproj", "{83DC9BBD-C9B9-43D1-AB93-BE98182D731E}"
EndProject
Project("{9A19103F-16F7-4668-BE54-9A1E7A4F7556}") = "InteractiveDashboard.Application", "InteractiveDashboard.Application\InteractiveDashboard.Application.csproj", "{348ABD8D-06C0-4067-8B0F-B95FC1F4183D}"
EndProject
Project("{9A19103F-16F7-4668-BE54-9A1E7A4F7556}") = "InteracitveDashboard.Api", "InteracitveDashboard.Api\InteracitveDashboard.Api.csproj", "{B8974A01-65BB-4E62-BEB1-652658A26820}"
EndProject
Project("{9A19103F-16F7-4668-BE54-9A1E7A4F7556}") = "InteractiveDashboardTests", "InteractiveDashboardTests\InteractiveDashboardTests.csproj", "{514D6672-4512-4DB7-BBC3-9F4395692AAF}"
EndProject
Project("{FAE04EC0-301F-11D3-BF4B-00C04F79EFBC}") = "InteractiveDashboard.Infrastructure", "InteractiveDashboard.Infrastructure\InteractiveDashboard.Infrastructure.csproj", "{89289D95-38EF-4CD1-96F7-6C8F6E6A3864}"
EndProject
Global
	GlobalSection(SolutionConfigurationPlatforms) = preSolution
		Debug|Any CPU = Debug|Any CPU
		Release|Any CPU = Release|Any CPU
	EndGlobalSection
	GlobalSection(ProjectConfigurationPlatforms) = postSolution
		{83DC9BBD-C9B9-43D1-AB93-BE98182D731E}.Debug|Any CPU.ActiveCfg = Debug|Any CPU
		{83DC9BBD-C9B9-43D1-AB93-BE98182D731E}.Debug|Any CPU.Build.0 = Debug|Any CPU
		{83DC9BBD-C9B9-43D1-AB93-BE98182D731E}.Release|Any CPU.ActiveCfg = Release|Any CPU
		{83DC9BBD-C9B9-43D1-AB93-BE98182D731E}.Release|Any CPU.Build.0 = Release|Any CPU
		{348ABD8D-06C0-4067-8B0F-B95FC1F4183D}.Debug|Any CPU.ActiveCfg = Debug|Any CPU
		{348ABD8D-06C0-4067-8B0F-B95FC1F4183D}.Debug|Any CPU.Build.0 = Debug|Any CPU
		{348ABD8D-06C0-4067-8B0F-B95FC1F4183D}.Release|Any CPU.ActiveCfg = Release|Any CPU
		{348ABD8D-06C0-4067-8B0F-B95FC1F4183D}.Release|Any CPU.Build.0 = Release|Any CPU
		{B8974A01-65BB-4E62-BEB1-652658A26820}.Debug|Any CPU.ActiveCfg = Debug|Any CPU
		{B8974A01-65BB-4E62-BEB1-652658A26820}.Debug|Any CPU.Build.0 = Debug|Any CPU
		{B8974A01-65BB-4E62-BEB1-652658A26820}.Release|Any CPU.ActiveCfg = Release|Any CPU
		{B8974A01-65BB-4E62-BEB1-652658A26820}.Release|Any CPU.Build.0 = Release|Any CPU
		{514D6672-4512-4DB7-BBC3-9F4395692AAF}.Debug|Any CPU.ActiveCfg = Debug|Any CPU
		{514D6672-4512-4DB7-BBC3-9F4395692AAF}.Debug|Any CPU.Build.0 = Debug|Any CPU
		{514D6672-4512-4DB7-BBC3-9F4395692AAF}.Release|Any CPU.ActiveCfg = Release|Any CPU
		{514D6672-4512-4DB7-BBC3-9F4395692AAF}.Release|Any CPU.Build.0 = Release|Any CPU
		{89289D95-38EF-4CD1-96F7-6C8F6E6A3864}.Debug|Any CPU.ActiveCfg = Debug|Any CPU
		{89289D95-38EF-4CD1-96F7-6C8F6E6A3864}.Debug|Any CPU.Build.0 = Debug|Any CPU
		{89289D95-38EF-4CD1-96F7-6C8F6E6A3864}.Release|Any CPU.ActiveCfg = Release|Any CPU
		{89289D95-38EF-4CD1-96F7-6C8F6E6A3864}.Release|Any CPU.Build.0 = Release|Any CPU
	EndGlobalSection
	GlobalSection(SolutionProperties) = preSolution
		HideSolutionNode = FALSE
	EndGlobalSection
	GlobalSection(ExtensibilityGlobals) = postSolution
		SolutionGuid = {E79E71B9-3320-482B-9BE6-50C1B719FA2A}
	EndGlobalSection
EndGlobal
